
Microsoft Visual Studio Solution File, Format Version 12.00
# Visual Studio Version 17
VisualStudioVersion = 17.0.31912.275
MinimumVisualStudioVersion = 10.0.40219.1
Project("{FAE04EC0-301F-11D3-BF4B-00C04F79EFBC}") = "SampSharp.MapAndreas", "SampSharp.MapAndreas\SampSharp.MapAndreas.csproj", "{1404EF9F-047C-498E-9EB2-75E26728A8A0}"
EndProject
Global
	GlobalSection(SolutionConfigurationPlatforms) = preSolution
		Debug|Any CPU = Debug|Any CPU
		Release|Any CPU = Release|Any CPU
	EndGlobalSection
	GlobalSection(ProjectConfigurationPlatforms) = postSolution
		{1404EF9F-047C-498E-9EB2-75E26728A8A0}.Debug|Any CPU.ActiveCfg = Debug|Any CPU
		{1404EF9F-047C-498E-9EB2-75E26728A8A0}.Debug|Any CPU.Build.0 = Debug|Any CPU
		{1404EF9F-047C-498E-9EB2-75E26728A8A0}.Release|Any CPU.ActiveCfg = Release|Any CPU
		{1404EF9F-047C-498E-9EB2-75E26728A8A0}.Release|Any CPU.Build.0 = Release|Any CPU
	EndGlobalSection
	GlobalSection(SolutionProperties) = preSolution
		HideSolutionNode = FALSE
	EndGlobalSection
	GlobalSection(ExtensibilityGlobals) = postSolution
		SolutionGuid = {C52496AA-838D-4274-816B-BA0A63878980}
	EndGlobalSection
EndGlobal
